
Microsoft Visual Studio Solution File, Format Version 12.00
# Visual Studio Version 17
VisualStudioVersion = 17.9.34728.123
MinimumVisualStudioVersion = 10.0.40219.1
Project("{8BC9CEB8-8B4A-11D0-8D11-00A0C91BC942}") = "QtApplication1", "QtApplication1.vcxproj", "{D444174B-56E2-437F-B975-237549EAB730}"
EndProject
Global
	GlobalSection(SolutionConfigurationPlatforms) = preSolution
		Debug|x64 = Debug|x64
		Release|x64 = Release|x64
	EndGlobalSection
	GlobalSection(ProjectConfigurationPlatforms) = postSolution
		{D444174B-56E2-437F-B975-237549EAB730}.Debug|x64.ActiveCfg = Debug|x64
		{D444174B-56E2-437F-B975-237549EAB730}.Debug|x64.Build.0 = Debug|x64
		{D444174B-56E2-437F-B975-237549EAB730}.Release|x64.ActiveCfg = Release|x64
		{D444174B-56E2-437F-B975-237549EAB730}.Release|x64.Build.0 = Release|x64
	EndGlobalSection
	GlobalSection(SolutionProperties) = preSolution
		HideSolutionNode = FALSE
	EndGlobalSection
	GlobalSection(ExtensibilityGlobals) = postSolution
		SolutionGuid = {AF7CE16E-9520-49AE-B948-148C1F31D2F9}
	EndGlobalSection
EndGlobal
